
Microsoft Visual Studio Solution File, Format Version 12.00
# Visual Studio Version 16
VisualStudioVersion = 16.0.29613.14
MinimumVisualStudioVersion = 10.0.40219.1
Project("{FAE04EC0-301F-11D3-BF4B-00C04F79EFBC}") = "Interfaces", "Interfaces\Interfaces.csproj", "{592224B8-7F70-47FC-9A5C-664192C0D245}"
EndProject
Global
	GlobalSection(SolutionConfigurationPlatforms) = preSolution
		Debug|Any CPU = Debug|Any CPU
		Release|Any CPU = Release|Any CPU
	EndGlobalSection
	GlobalSection(ProjectConfigurationPlatforms) = postSolution
		{592224B8-7F70-47FC-9A5C-664192C0D245}.Debug|Any CPU.ActiveCfg = Debug|Any CPU
		{592224B8-7F70-47FC-9A5C-664192C0D245}.Debug|Any CPU.Build.0 = Debug|Any CPU
		{592224B8-7F70-47FC-9A5C-664192C0D245}.Release|Any CPU.ActiveCfg = Release|Any CPU
		{592224B8-7F70-47FC-9A5C-664192C0D245}.Release|Any CPU.Build.0 = Release|Any CPU
	EndGlobalSection
	GlobalSection(SolutionProperties) = preSolution
		HideSolutionNode = FALSE
	EndGlobalSection
	GlobalSection(ExtensibilityGlobals) = postSolution
		SolutionGuid = {7CDD7E25-660F-42D7-B507-F5D851C59564}
	EndGlobalSection
EndGlobal
